[[package]]
name = "beet"
version = "0.80.1"
description = "The Minecraft pack development kit"
category = "main"
optional = false
python-versions = ">=3.8,<4.0"

[package.dependencies]
click = ">=8.1.3,<9.0.0"
click-help-colors = ">=0.9.1,<0.10.0"
colorama = {version = "*", markers = "sys_platform == \"win32\""}
Jinja2 = ">=3.1.2,<4.0.0"
nbtlib = ">=1.12.1,<2.0.0"
pathspec = ">=0.10.1,<0.11.0"
pydantic = ">=1.10.2,<2.0.0"
PyYAML = ">=6.0,<7.0"
toml = ">=0.10.2,<0.11.0"

[package.extras]
image = ["pillow"]

[[package]]
name = "black"
version = "22.8.0"
description = "The uncompromising code formatter."
category = "dev"
optional = false
python-versions = ">=3.6.2"

[package.dependencies]
click = ">=8.0.0"
mypy-extensions = ">=0.4.3"
pathspec = ">=0.9.0"
platformdirs = ">=2"
tomli = {version = ">=1.1.0", markers = "python_full_version < \"3.11.0a7\""}

[package.extras]
colorama = ["colorama (>=0.4.3)"]
d = ["aiohttp (>=3.7.4)"]
jupyter = ["ipython (>=7.8.0)", "tokenize-rt (>=3.2.0)"]
uvloop = ["uvloop (>=0.15.2)"]

[[package]]
name = "bolt"
version = "0.21.0"
description = "Supercharge Minecraft commands with Python"
category = "main"
optional = false
python-versions = ">=3.10,<4.0"

[package.dependencies]
beet = ">=0.80.1"
mecha = ">=0.61.0"

[[package]]
name = "click"
version = "8.1.3"
description = "Composable command line interface toolkit"
category = "main"
optional = false
python-versions = ">=3.7"

[package.dependencies]
colorama = {version = "*", markers = "platform_system == \"Windows\""}

[[package]]
name = "click-help-colors"
version = "0.9.1"
description = "Colorization of help messages in Click"
category = "main"
optional = false
python-versions = "*"

[package.dependencies]
click = ">=7.0,<9"

[package.extras]
dev = ["pytest"]

[[package]]
name = "colorama"
version = "0.4.5"
description = "Cross-platform colored terminal text."
category = "main"
optional = false
python-versions = ">=2.7, !=3.0.*, !=3.1.*, !=3.2.*, !=3.3.*, !=3.4.*"

[[package]]
name = "isort"
version = "5.10.1"
description = "A Python utility / library to sort Python imports."
category = "dev"
optional = false
python-versions = ">=3.6.1,<4.0"

[package.extras]
pipfile_deprecated_finder = ["pipreqs", "requirementslib"]
requirements_deprecated_finder = ["pipreqs", "pip-api"]
colors = ["colorama (>=0.4.3,<0.5.0)"]
plugins = ["setuptools"]

[[package]]
name = "jinja2"
version = "3.1.2"
description = "A very fast and expressive template engine."
category = "main"
optional = false
python-versions = ">=3.7"

[package.dependencies]
MarkupSafe = ">=2.0"

[package.extras]
i18n = ["Babel (>=2.7)"]

[[package]]
name = "markupsafe"
version = "2.1.1"
description = "Safely add untrusted strings to HTML/XML markup."
category = "main"
optional = false
python-versions = ">=3.7"

[[package]]
name = "mecha"
version = "0.61.0"
description = "A powerful Minecraft command library"
category = "main"
optional = false
python-versions = ">=3.10,<4.0"

[package.dependencies]
beet = ">=0.80.1"
tokenstream = ">=1.4.2,<2.0.0"

[[package]]
name = "minecraft-text-components"
version = "3.1.2"
description = "A library for manipulating Minecraft's raw JSON text components"
category = "main"
optional = false
python-versions = ">=3.10,<4.0"

[package.dependencies]
beet = {version = ">=0.80.1,<1", optional = true, markers = "extra == \"beet\""}
mecha = {version = ">=0.61.0,<1", optional = true, markers = "extra == \"beet\""}
typing-extensions = ">=4.4.0,<5.0.0"

[package.extras]
beet = ["beet (>=0.80.1,<1)", "mecha (>=0.61.0,<1)"]

[[package]]
name = "mypy-extensions"
version = "0.4.3"
description = "Experimental type system extensions for programs checked with the mypy typechecker."
category = "dev"
optional = false
python-versions = "*"

[[package]]
name = "nbtlib"
version = "1.12.1"
description = "A python package to read and edit nbt data"
category = "main"
optional = false
python-versions = ">=3.8,<4.0"

[package.dependencies]
numpy = "*"

[[package]]
name = "numpy"
version = "1.23.3"
description = "NumPy is the fundamental package for array computing with Python."
category = "main"
optional = false
python-versions = ">=3.8"

[[package]]
name = "pathspec"
version = "0.10.1"
description = "Utility library for gitignore style pattern matching of file paths."
category = "main"
optional = false
python-versions = ">=3.7"

[[package]]
name = "platformdirs"
version = "2.5.2"
description = "A small Python module for determining appropriate platform-specific dirs, e.g. a \"user data dir\"."
category = "dev"
optional = false
python-versions = ">=3.7"

[package.extras]
docs = ["furo (>=2021.7.5b38)", "proselint (>=0.10.2)", "sphinx-autodoc-typehints (>=1.12)", "sphinx (>=4)"]
test = ["appdirs (==1.4.4)", "pytest-cov (>=2.7)", "pytest-mock (>=3.6)", "pytest (>=6)"]

[[package]]
name = "pydantic"
version = "1.10.2"
description = "Data validation and settings management using python type hints"
category = "main"
optional = false
python-versions = ">=3.7"

[package.dependencies]
typing-extensions = ">=4.1.0"

[package.extras]
dotenv = ["python-dotenv (>=0.10.4)"]
email = ["email-validator (>=1.0.3)"]

[[package]]
name = "pyyaml"
version = "6.0"
description = "YAML parser and emitter for Python"
category = "main"
optional = false
python-versions = ">=3.6"

[[package]]
name = "tokenstream"
version = "1.4.2"
description = "A versatile token stream for handwritten parsers"
category = "main"
optional = false
python-versions = ">=3.8,<4.0"

[[package]]
name = "toml"
version = "0.10.2"
description = "Python Library for Tom's Obvious, Minimal Language"
category = "main"
optional = false
python-versions = ">=2.6, !=3.0.*, !=3.1.*, !=3.2.*"

[[package]]
name = "tomli"
version = "2.0.1"
description = "A lil' TOML parser"
category = "dev"
optional = false
python-versions = ">=3.7"

[[package]]
name = "typing-extensions"
version = "4.4.0"
description = "Backported and Experimental Type Hints for Python 3.7+"
category = "main"
optional = false
python-versions = ">=3.7"

[metadata]
lock-version = "1.1"
python-versions = "^3.10"
content-hash = "66dcc4abc2a33a83c40b48a384f10d42fd04dd089db85b7de92bd9da71bed944"

[metadata.files]
beet = []
black = []
bolt = []
click = []
click-help-colors = []
colorama = []
isort = []
jinja2 = []
markupsafe = []
mecha = []
minecraft-text-components = []
mypy-extensions = []
nbtlib = []
numpy = []
pathspec = []
platformdirs = []
pydantic = []
pyyaml = []
tokenstream = []
toml = []
tomli = []
typing-extensions = []
